{
  "name": "sesify-example-deep",
  "version": "1.0.1",
  "lockfileVersion": 1,
  "requires": true,
  "dependencies": {
    "sesify-example-fetch": {
      "version": "1.0.0",
      "resolved": "https://registry.npmjs.org/sesify-example-fetch/-/sesify-example-fetch-1.0.0.tgz",
      "integrity": "sha512-uyhzQrpWaJ+8VmWeVw/MQWr/xtM74OjshNgXVnK5h3/ttZqbPDjaGd7FlPAc1s2ThjsobSVJhIhPiU8crY199w=="
    }
  }
}
